
Microsoft Visual Studio Solution File, Format Version 12.00
# Visual Studio Version 17
VisualStudioVersion = 17.0.31903.59
MinimumVisualStudioVersion = 10.0.40219.1
Project("{2150E333-8FDC-42A3-9474-1A3956D46DE8}") = "src", "src", "{827E0CD3-B72D-47B6-A68D-7590B98EB39B}"
EndProject
Project("{FAE04EC0-301F-11D3-BF4B-00C04F79EFBC}") = "Longstone.AppHost", "src\Longstone.AppHost\Longstone.AppHost.csproj", "{9AB4BD8C-18AC-484A-BC13-A1D27D759432}"
EndProject
Project("{FAE04EC0-301F-11D3-BF4B-00C04F79EFBC}") = "Longstone.ServiceDefaults", "src\Longstone.ServiceDefaults\Longstone.ServiceDefaults.csproj", "{72CEC0BE-6568-49B6-819A-DE82B5AA4D1E}"
EndProject
Project("{FAE04EC0-301F-11D3-BF4B-00C04F79EFBC}") = "Longstone.Web", "src\Longstone.Web\Longstone.Web.csproj", "{0157DD81-979B-4686-AD6B-95117ED68F1B}"
EndProject
Project("{FAE04EC0-301F-11D3-BF4B-00C04F79EFBC}") = "Longstone.Domain", "src\Longstone.Domain\Longstone.Domain.csproj", "{EA126389-A25B-43DB-9563-3D405532712E}"
EndProject
Project("{FAE04EC0-301F-11D3-BF4B-00C04F79EFBC}") = "Longstone.Application", "src\Longstone.Application\Longstone.Application.csproj", "{A504C7EA-7E4F-4763-9839-F7122742FAFA}"
EndProject
Project("{FAE04EC0-301F-11D3-BF4B-00C04F79EFBC}") = "Longstone.Infrastructure", "src\Longstone.Infrastructure\Longstone.Infrastructure.csproj", "{62F6E929-3167-4A97-8C50-03D0D10C8BBF}"
EndProject
Project("{2150E333-8FDC-42A3-9474-1A3956D46DE8}") = "tests", "tests", "{0AB3BF05-4346-4AA6-1389-037BE0695223}"
EndProject
Project("{FAE04EC0-301F-11D3-BF4B-00C04F79EFBC}") = "Longstone.Domain.Tests", "tests\Longstone.Domain.Tests\Longstone.Domain.Tests.csproj", "{72351415-0ED0-44AC-B498-06330CEB4B32}"
EndProject
Project("{FAE04EC0-301F-11D3-BF4B-00C04F79EFBC}") = "Longstone.Application.Tests", "tests\Longstone.Application.Tests\Longstone.Application.Tests.csproj", "{D0D3ACA4-AEA7-4818-8DCC-0162425E5927}"
EndProject
Project("{FAE04EC0-301F-11D3-BF4B-00C04F79EFBC}") = "Longstone.Integration.Tests", "tests\Longstone.Integration.Tests\Longstone.Integration.Tests.csproj", "{A7981D6A-B8CE-4A16-9F5A-71DF2D964E11}"
EndProject
Project("{FAE04EC0-301F-11D3-BF4B-00C04F79EFBC}") = "Longstone.Infrastructure.Tests", "tests\Longstone.Infrastructure.Tests\Longstone.Infrastructure.Tests.csproj", "{FAC32EA7-08B6-4B86-81BF-07C3FE5D64D7}"
EndProject
Global
	GlobalSection(SolutionConfigurationPlatforms) = preSolution
		Debug|Any CPU = Debug|Any CPU
		Debug|x64 = Debug|x64
		Debug|x86 = Debug|x86
		Release|Any CPU = Release|Any CPU
		Release|x64 = Release|x64
		Release|x86 = Release|x86
	EndGlobalSection
	GlobalSection(ProjectConfigurationPlatforms) = postSolution
		{9AB4BD8C-18AC-484A-BC13-A1D27D759432}.Debug|Any CPU.ActiveCfg = Debug|Any CPU
		{9AB4BD8C-18AC-484A-BC13-A1D27D759432}.Debug|Any CPU.Build.0 = Debug|Any CPU
		{9AB4BD8C-18AC-484A-BC13-A1D27D759432}.Debug|x64.ActiveCfg = Debug|Any CPU
		{9AB4BD8C-18AC-484A-BC13-A1D27D759432}.Debug|x64.Build.0 = Debug|Any CPU
		{9AB4BD8C-18AC-484A-BC13-A1D27D759432}.Debug|x86.ActiveCfg = Debug|Any CPU
		{9AB4BD8C-18AC-484A-BC13-A1D27D759432}.Debug|x86.Build.0 = Debug|Any CPU
		{9AB4BD8C-18AC-484A-BC13-A1D27D759432}.Release|Any CPU.ActiveCfg = Release|Any CPU
		{9AB4BD8C-18AC-484A-BC13-A1D27D759432}.Release|Any CPU.Build.0 = Release|Any CPU
		{9AB4BD8C-18AC-484A-BC13-A1D27D759432}.Release|x64.ActiveCfg = Release|Any CPU
		{9AB4BD8C-18AC-484A-BC13-A1D27D759432}.Release|x64.Build.0 = Release|Any CPU
		{9AB4BD8C-18AC-484A-BC13-A1D27D759432}.Release|x86.ActiveCfg = Release|Any CPU
		{9AB4BD8C-18AC-484A-BC13-A1D27D759432}.Release|x86.Build.0 = Release|Any CPU
		{72CEC0BE-6568-49B6-819A-DE82B5AA4D1E}.Debug|Any CPU.ActiveCfg = Debug|Any CPU
		{72CEC0BE-6568-49B6-819A-DE82B5AA4D1E}.Debug|Any CPU.Build.0 = Debug|Any CPU
		{72CEC0BE-6568-49B6-819A-DE82B5AA4D1E}.Debug|x64.ActiveCfg = Debug|Any CPU
		{72CEC0BE-6568-49B6-819A-DE82B5AA4D1E}.Debug|x64.Build.0 = Debug|Any CPU
		{72CEC0BE-6568-49B6-819A-DE82B5AA4D1E}.Debug|x86.ActiveCfg = Debug|Any CPU
		{72CEC0BE-6568-49B6-819A-DE82B5AA4D1E}.Debug|x86.Build.0 = Debug|Any CPU
		{72CEC0BE-6568-49B6-819A-DE82B5AA4D1E}.Release|Any CPU.ActiveCfg = Release|Any CPU
		{72CEC0BE-6568-49B6-819A-DE82B5AA4D1E}.Release|Any CPU.Build.0 = Release|Any CPU
		{72CEC0BE-6568-49B6-819A-DE82B5AA4D1E}.Release|x64.ActiveCfg = Release|Any CPU
		{72CEC0BE-6568-49B6-819A-DE82B5AA4D1E}.Release|x64.Build.0 = Release|Any CPU
		{72CEC0BE-6568-49B6-819A-DE82B5AA4D1E}.Release|x86.ActiveCfg = Release|Any CPU
		{72CEC0BE-6568-49B6-819A-DE82B5AA4D1E}.Release|x86.Build.0 = Release|Any CPU
		{0157DD81-979B-4686-AD6B-95117ED68F1B}.Debug|Any CPU.ActiveCfg = Debug|Any CPU
		{0157DD81-979B-4686-AD6B-95117ED68F1B}.Debug|Any CPU.Build.0 = Debug|Any CPU
		{0157DD81-979B-4686-AD6B-95117ED68F1B}.Debug|x64.ActiveCfg = Debug|Any CPU
		{0157DD81-979B-4686-AD6B-95117ED68F1B}.Debug|x64.Build.0 = Debug|Any CPU
		{0157DD81-979B-4686-AD6B-95117ED68F1B}.Debug|x86.ActiveCfg = Debug|Any CPU
		{0157DD81-979B-4686-AD6B-95117ED68F1B}.Debug|x86.Build.0 = Debug|Any CPU
		{0157DD81-979B-4686-AD6B-95117ED68F1B}.Release|Any CPU.ActiveCfg = Release|Any CPU
		{0157DD81-979B-4686-AD6B-95117ED68F1B}.Release|Any CPU.Build.0 = Release|Any CPU
		{0157DD81-979B-4686-AD6B-95117ED68F1B}.Release|x64.ActiveCfg = Release|Any CPU
		{0157DD81-979B-4686-AD6B-95117ED68F1B}.Release|x64.Build.0 = Release|Any CPU
		{0157DD81-979B-4686-AD6B-95117ED68F1B}.Release|x86.ActiveCfg = Release|Any CPU
		{0157DD81-979B-4686-AD6B-95117ED68F1B}.Release|x86.Build.0 = Release|Any CPU
		{EA126389-A25B-43DB-9563-3D405532712E}.Debug|Any CPU.ActiveCfg = Debug|Any CPU
		{EA126389-A25B-43DB-9563-3D405532712E}.Debug|Any CPU.Build.0 = Debug|Any CPU
		{EA126389-A25B-43DB-9563-3D405532712E}.Debug|x64.ActiveCfg = Debug|Any CPU
		{EA126389-A25B-43DB-9563-3D405532712E}.Debug|x64.Build.0 = Debug|Any CPU
		{EA126389-A25B-43DB-9563-3D405532712E}.Debug|x86.ActiveCfg = Debug|Any CPU
		{EA126389-A25B-43DB-9563-3D405532712E}.Debug|x86.Build.0 = Debug|Any CPU
		{EA126389-A25B-43DB-9563-3D405532712E}.Release|Any CPU.ActiveCfg = Release|Any CPU
		{EA126389-A25B-43DB-9563-3D405532712E}.Release|Any CPU.Build.0 = Release|Any CPU
		{EA126389-A25B-43DB-9563-3D405532712E}.Release|x64.ActiveCfg = Release|Any CPU
		{EA126389-A25B-43DB-9563-3D405532712E}.Release|x64.Build.0 = Release|Any CPU
		{EA126389-A25B-43DB-9563-3D405532712E}.Release|x86.ActiveCfg = Release|Any CPU
		{EA126389-A25B-43DB-9563-3D405532712E}.Release|x86.Build.0 = Release|Any CPU
		{A504C7EA-7E4F-4763-9839-F7122742FAFA}.Debug|Any CPU.ActiveCfg = Debug|Any CPU
		{A504C7EA-7E4F-4763-9839-F7122742FAFA}.Debug|Any CPU.Build.0 = Debug|Any CPU
		{A504C7EA-7E4F-4763-9839-F7122742FAFA}.Debug|x64.ActiveCfg = Debug|Any CPU
		{A504C7EA-7E4F-4763-9839-F7122742FAFA}.Debug|x64.Build.0 = Debug|Any CPU
		{A504C7EA-7E4F-4763-9839-F7122742FAFA}.Debug|x86.ActiveCfg = Debug|Any CPU
		{A504C7EA-7E4F-4763-9839-F7122742FAFA}.Debug|x86.Build.0 = Debug|Any CPU
		{A504C7EA-7E4F-4763-9839-F7122742FAFA}.Release|Any CPU.ActiveCfg = Release|Any CPU
		{A504C7EA-7E4F-4763-9839-F7122742FAFA}.Release|Any CPU.Build.0 = Release|Any CPU
		{A504C7EA-7E4F-4763-9839-F7122742FAFA}.Release|x64.ActiveCfg = Release|Any CPU
		{A504C7EA-7E4F-4763-9839-F7122742FAFA}.Release|x64.Build.0 = Release|Any CPU
		{A504C7EA-7E4F-4763-9839-F7122742FAFA}.Release|x86.ActiveCfg = Release|Any CPU
		{A504C7EA-7E4F-4763-9839-F7122742FAFA}.Release|x86.Build.0 = Release|Any CPU
		{62F6E929-3167-4A97-8C50-03D0D10C8BBF}.Debug|Any CPU.ActiveCfg = Debug|Any CPU
		{62F6E929-3167-4A97-8C50-03D0D10C8BBF}.Debug|Any CPU.Build.0 = Debug|Any CPU
		{62F6E929-3167-4A97-8C50-03D0D10C8BBF}.Debug|x64.ActiveCfg = Debug|Any CPU
		{62F6E929-3167-4A97-8C50-03D0D10C8BBF}.Debug|x64.Build.0 = Debug|Any CPU
		{62F6E929-3167-4A97-8C50-03D0D10C8BBF}.Debug|x86.ActiveCfg = Debug|Any CPU
		{62F6E929-3167-4A97-8C50-03D0D10C8BBF}.Debug|x86.Build.0 = Debug|Any CPU
		{62F6E929-3167-4A97-8C50-03D0D10C8BBF}.Release|Any CPU.ActiveCfg = Release|Any CPU
		{62F6E929-3167-4A97-8C50-03D0D10C8BBF}.Release|Any CPU.Build.0 = Release|Any CPU
		{62F6E929-3167-4A97-8C50-03D0D10C8BBF}.Release|x64.ActiveCfg = Release|Any CPU
		{62F6E929-3167-4A97-8C50-03D0D10C8BBF}.Release|x64.Build.0 = Release|Any CPU
		{62F6E929-3167-4A97-8C50-03D0D10C8BBF}.Release|x86.ActiveCfg = Release|Any CPU
		{62F6E929-3167-4A97-8C50-03D0D10C8BBF}.Release|x86.Build.0 = Release|Any CPU
		{72351415-0ED0-44AC-B498-06330CEB4B32}.Debug|Any CPU.ActiveCfg = Debug|Any CPU
		{72351415-0ED0-44AC-B498-06330CEB4B32}.Debug|Any CPU.Build.0 = Debug|Any CPU
		{72351415-0ED0-44AC-B498-06330CEB4B32}.Debug|x64.ActiveCfg = Debug|Any CPU
		{72351415-0ED0-44AC-B498-06330CEB4B32}.Debug|x64.Build.0 = Debug|Any CPU
		{72351415-0ED0-44AC-B498-06330CEB4B32}.Debug|x86.ActiveCfg = Debug|Any CPU
		{72351415-0ED0-44AC-B498-06330CEB4B32}.Debug|x86.Build.0 = Debug|Any CPU
		{72351415-0ED0-44AC-B498-06330CEB4B32}.Release|Any CPU.ActiveCfg = Release|Any CPU
		{72351415-0ED0-44AC-B498-06330CEB4B32}.Release|Any CPU.Build.0 = Release|Any CPU
		{72351415-0ED0-44AC-B498-06330CEB4B32}.Release|x64.ActiveCfg = Release|Any CPU
		{72351415-0ED0-44AC-B498-06330CEB4B32}.Release|x64.Build.0 = Release|Any CPU
		{72351415-0ED0-44AC-B498-06330CEB4B32}.Release|x86.ActiveCfg = Release|Any CPU
		{72351415-0ED0-44AC-B498-06330CEB4B32}.Release|x86.Build.0 = Release|Any CPU
		{D0D3ACA4-AEA7-4818-8DCC-0162425E5927}.Debug|Any CPU.ActiveCfg = Debug|Any CPU
		{D0D3ACA4-AEA7-4818-8DCC-0162425E5927}.Debug|Any CPU.Build.0 = Debug|Any CPU
		{D0D3ACA4-AEA7-4818-8DCC-0162425E5927}.Debug|x64.ActiveCfg = Debug|Any CPU
		{D0D3ACA4-AEA7-4818-8DCC-0162425E5927}.Debug|x64.Build.0 = Debug|Any CPU
		{D0D3ACA4-AEA7-4818-8DCC-0162425E5927}.Debug|x86.ActiveCfg = Debug|Any CPU
		{D0D3ACA4-AEA7-4818-8DCC-0162425E5927}.Debug|x86.Build.0 = Debug|Any CPU
		{D0D3ACA4-AEA7-4818-8DCC-0162425E5927}.Release|Any CPU.ActiveCfg = Release|Any CPU
		{D0D3ACA4-AEA7-4818-8DCC-0162425E5927}.Release|Any CPU.Build.0 = Release|Any CPU
		{D0D3ACA4-AEA7-4818-8DCC-0162425E5927}.Release|x64.ActiveCfg = Release|Any CPU
		{D0D3ACA4-AEA7-4818-8DCC-0162425E5927}.Release|x64.Build.0 = Release|Any CPU
		{D0D3ACA4-AEA7-4818-8DCC-0162425E5927}.Release|x86.ActiveCfg = Release|Any CPU
		{D0D3ACA4-AEA7-4818-8DCC-0162425E5927}.Release|x86.Build.0 = Release|Any CPU
		{A7981D6A-B8CE-4A16-9F5A-71DF2D964E11}.Debug|Any CPU.ActiveCfg = Debug|Any CPU
		{A7981D6A-B8CE-4A16-9F5A-71DF2D964E11}.Debug|Any CPU.Build.0 = Debug|Any CPU
		{A7981D6A-B8CE-4A16-9F5A-71DF2D964E11}.Debug|x64.ActiveCfg = Debug|Any CPU
		{A7981D6A-B8CE-4A16-9F5A-71DF2D964E11}.Debug|x64.Build.0 = Debug|Any CPU
		{A7981D6A-B8CE-4A16-9F5A-71DF2D964E11}.Debug|x86.ActiveCfg = Debug|Any CPU
		{A7981D6A-B8CE-4A16-9F5A-71DF2D964E11}.Debug|x86.Build.0 = Debug|Any CPU
		{A7981D6A-B8CE-4A16-9F5A-71DF2D964E11}.Release|Any CPU.ActiveCfg = Release|Any CPU
		{A7981D6A-B8CE-4A16-9F5A-71DF2D964E11}.Release|Any CPU.Build.0 = Release|Any CPU
		{A7981D6A-B8CE-4A16-9F5A-71DF2D964E11}.Release|x64.ActiveCfg = Release|Any CPU
		{A7981D6A-B8CE-4A16-9F5A-71DF2D964E11}.Release|x64.Build.0 = Release|Any CPU
		{A7981D6A-B8CE-4A16-9F5A-71DF2D964E11}.Release|x86.ActiveCfg = Release|Any CPU
		{A7981D6A-B8CE-4A16-9F5A-71DF2D964E11}.Release|x86.Build.0 = Release|Any CPU
		{FAC32EA7-08B6-4B86-81BF-07C3FE5D64D7}.Debug|Any CPU.ActiveCfg = Debug|Any CPU
		{FAC32EA7-08B6-4B86-81BF-07C3FE5D64D7}.Debug|Any CPU.Build.0 = Debug|Any CPU
		{FAC32EA7-08B6-4B86-81BF-07C3FE5D64D7}.Debug|x64.ActiveCfg = Debug|Any CPU
		{FAC32EA7-08B6-4B86-81BF-07C3FE5D64D7}.Debug|x64.Build.0 = Debug|Any CPU
		{FAC32EA7-08B6-4B86-81BF-07C3FE5D64D7}.Debug|x86.ActiveCfg = Debug|Any CPU
		{FAC32EA7-08B6-4B86-81BF-07C3FE5D64D7}.Debug|x86.Build.0 = Debug|Any CPU
		{FAC32EA7-08B6-4B86-81BF-07C3FE5D64D7}.Release|Any CPU.ActiveCfg = Release|Any CPU
		{FAC32EA7-08B6-4B86-81BF-07C3FE5D64D7}.Release|Any CPU.Build.0 = Release|Any CPU
		{FAC32EA7-08B6-4B86-81BF-07C3FE5D64D7}.Release|x64.ActiveCfg = Release|Any CPU
		{FAC32EA7-08B6-4B86-81BF-07C3FE5D64D7}.Release|x64.Build.0 = Release|Any CPU
		{FAC32EA7-08B6-4B86-81BF-07C3FE5D64D7}.Release|x86.ActiveCfg = Release|Any CPU
		{FAC32EA7-08B6-4B86-81BF-07C3FE5D64D7}.Release|x86.Build.0 = Release|Any CPU
	EndGlobalSection
	GlobalSection(SolutionProperties) = preSolution
		HideSolutionNode = FALSE
	EndGlobalSection
	GlobalSection(NestedProjects) = preSolution
		{9AB4BD8C-18AC-484A-BC13-A1D27D759432} = {827E0CD3-B72D-47B6-A68D-7590B98EB39B}
		{72CEC0BE-6568-49B6-819A-DE82B5AA4D1E} = {827E0CD3-B72D-47B6-A68D-7590B98EB39B}
		{0157DD81-979B-4686-AD6B-95117ED68F1B} = {827E0CD3-B72D-47B6-A68D-7590B98EB39B}
		{EA126389-A25B-43DB-9563-3D405532712E} = {827E0CD3-B72D-47B6-A68D-7590B98EB39B}
		{A504C7EA-7E4F-4763-9839-F7122742FAFA} = {827E0CD3-B72D-47B6-A68D-7590B98EB39B}
		{62F6E929-3167-4A97-8C50-03D0D10C8BBF} = {827E0CD3-B72D-47B6-A68D-7590B98EB39B}
		{72351415-0ED0-44AC-B498-06330CEB4B32} = {0AB3BF05-4346-4AA6-1389-037BE0695223}
		{D0D3ACA4-AEA7-4818-8DCC-0162425E5927} = {0AB3BF05-4346-4AA6-1389-037BE0695223}
		{A7981D6A-B8CE-4A16-9F5A-71DF2D964E11} = {0AB3BF05-4346-4AA6-1389-037BE0695223}
		{FAC32EA7-08B6-4B86-81BF-07C3FE5D64D7} = {0AB3BF05-4346-4AA6-1389-037BE0695223}
	EndGlobalSection
EndGlobal
